
Microsoft Visual Studio Solution File, Format Version 12.00
# Visual Studio Version 17
VisualStudioVersion = 17.11.35327.3
MinimumVisualStudioVersion = 10.0.40219.1
Project("{FAE04EC0-301F-11D3-BF4B-00C04F79EFBC}") = "MauiAppEventos", "MauiAppEventos\MauiAppEventos.csproj", "{1BDAFA7A-D1C5-4E91-9258-2FA43F59F59E}"
EndProject
Global
	GlobalSection(SolutionConfigurationPlatforms) = preSolution
		Debug|Any CPU = Debug|Any CPU
		Release|Any CPU = Release|Any CPU
	EndGlobalSection
	GlobalSection(ProjectConfigurationPlatforms) = postSolution
		{1BDAFA7A-D1C5-4E91-9258-2FA43F59F59E}.Debug|Any CPU.ActiveCfg = Debug|Any CPU
		{1BDAFA7A-D1C5-4E91-9258-2FA43F59F59E}.Debug|Any CPU.Build.0 = Debug|Any CPU
		{1BDAFA7A-D1C5-4E91-9258-2FA43F59F59E}.Debug|Any CPU.Deploy.0 = Debug|Any CPU
		{1BDAFA7A-D1C5-4E91-9258-2FA43F59F59E}.Release|Any CPU.ActiveCfg = Release|Any CPU
		{1BDAFA7A-D1C5-4E91-9258-2FA43F59F59E}.Release|Any CPU.Build.0 = Release|Any CPU
		{1BDAFA7A-D1C5-4E91-9258-2FA43F59F59E}.Release|Any CPU.Deploy.0 = Release|Any CPU
	EndGlobalSection
	GlobalSection(SolutionProperties) = preSolution
		HideSolutionNode = FALSE
	EndGlobalSection
	GlobalSection(ExtensibilityGlobals) = postSolution
		SolutionGuid = {8FA9361E-9B26-460A-BCBC-404E07596475}
	EndGlobalSection
EndGlobal
